
Microsoft Visual Studio Solution File, Format Version 12.00
# Visual Studio 2012
Project("{FAE04EC0-301F-11D3-BF4B-00C04F79EFBC}") = "Lua.NET", "Lua.NET\Lua.NET.csproj", "{1D3681D5-9104-4638-A6D4-ACE3B60CECBB}"
EndProject
Project("{FAE04EC0-301F-11D3-BF4B-00C04F79EFBC}") = "Test", "Test\Test.csproj", "{3CBCB511-8795-4489-AA25-80BE2C95F8CB}"
EndProject
Global
	GlobalSection(SolutionConfigurationPlatforms) = preSolution
		Debug|Any CPU = Debug|Any CPU
		Release|Any CPU = Release|Any CPU
	EndGlobalSection
	GlobalSection(ProjectConfigurationPlatforms) = postSolution
		{1D3681D5-9104-4638-A6D4-ACE3B60CECBB}.Debug|Any CPU.ActiveCfg = Debug|Any CPU
		{1D3681D5-9104-4638-A6D4-ACE3B60CECBB}.Debug|Any CPU.Build.0 = Debug|Any CPU
		{1D3681D5-9104-4638-A6D4-ACE3B60CECBB}.Release|Any CPU.ActiveCfg = Release|Any CPU
		{1D3681D5-9104-4638-A6D4-ACE3B60CECBB}.Release|Any CPU.Build.0 = Release|Any CPU
		{3CBCB511-8795-4489-AA25-80BE2C95F8CB}.Debug|Any CPU.ActiveCfg = Debug|Any CPU
		{3CBCB511-8795-4489-AA25-80BE2C95F8CB}.Debug|Any CPU.Build.0 = Debug|Any CPU
		{3CBCB511-8795-4489-AA25-80BE2C95F8CB}.Release|Any CPU.ActiveCfg = Release|Any CPU
		{3CBCB511-8795-4489-AA25-80BE2C95F8CB}.Release|Any CPU.Build.0 = Release|Any CPU
	EndGlobalSection
	GlobalSection(SolutionProperties) = preSolution
		HideSolutionNode = FALSE
	EndGlobalSection
EndGlobal
